
Microsoft Visual Studio Solution File, Format Version 12.00
# Visual Studio Version 17
VisualStudioVersion = 17.6.33829.357
MinimumVisualStudioVersion = 10.0.40219.1
Project("{FAE04EC0-301F-11D3-BF4B-00C04F79EFBC}") = "LoggerAndExceptionMiddleware.Api", "LoggerAndExceptionMiddleware.Api\LoggerAndExceptionMiddleware.Api.csproj", "{050F9D3D-235D-4CF3-BFF0-ADD0E0A8725D}"
EndProject
Global
	GlobalSection(SolutionConfigurationPlatforms) = preSolution
		Debug|Any CPU = Debug|Any CPU
		Release|Any CPU = Release|Any CPU
	EndGlobalSection
	GlobalSection(ProjectConfigurationPlatforms) = postSolution
		{050F9D3D-235D-4CF3-BFF0-ADD0E0A8725D}.Debug|Any CPU.ActiveCfg = Debug|Any CPU
		{050F9D3D-235D-4CF3-BFF0-ADD0E0A8725D}.Debug|Any CPU.Build.0 = Debug|Any CPU
		{050F9D3D-235D-4CF3-BFF0-ADD0E0A8725D}.Release|Any CPU.ActiveCfg = Release|Any CPU
		{050F9D3D-235D-4CF3-BFF0-ADD0E0A8725D}.Release|Any CPU.Build.0 = Release|Any CPU
	EndGlobalSection
	GlobalSection(SolutionProperties) = preSolution
		HideSolutionNode = FALSE
	EndGlobalSection
	GlobalSection(ExtensibilityGlobals) = postSolution
		SolutionGuid = {F9A1EBF4-FFE5-4562-BAF2-D10F5D00197E}
	EndGlobalSection
EndGlobal
